// !$*UTF8*$!
{
	archiveVersion = 1;
	classes = {
	};
	objectVersion = 56;
	objects = {

/* Begin PBXBuildFile section */
		7709E5892C43D7AA0030EB1F /* ClipboardHandler.swift in Sources */ = {isa = PBXBuildFile; fileRef = 7709E5882C43D7AA0030EB1F /* ClipboardHandler.swift */; };
		774109FB2C41E8D300D9A344 /* cliptyApp.swift in Sources */ = {isa = PBXBuildFile; fileRef = 774109FA2C41E8D300D9A344 /* cliptyApp.swift */; };
		774109FF2C41E8D400D9A344 /* Assets.xcassets in Resources */ = {isa = PBXBuildFile; fileRef = 774109FE2C41E8D400D9A344 /* Assets.xcassets */; };
		77410A022C41E8D400D9A344 /* Preview Assets.xcassets in Resources */ = {isa = PBXBuildFile; fileRef = 77410A012C41E8D400D9A344 /* Preview Assets.xcassets */; };
		77410A0D2C41E8D400D9A344 /* cliptyTests.swift in Sources */ = {isa = PBXBuildFile; fileRef = 77410A0C2C41E8D400D9A344 /* cliptyTests.swift */; };
		77410A172C41E8D400D9A344 /* cliptyUITests.swift in Sources */ = {isa = PBXBuildFile; fileRef = 77410A162C41E8D400D9A344 /* cliptyUITests.swift */; };
		77410A192C41E8D400D9A344 /* cliptyUITestsLaunchTests.swift in Sources */ = {isa = PBXBuildFile; fileRef = 77410A182C41E8D400D9A344 /* cliptyUITestsLaunchTests.swift */; };
		77410A262C41E95500D9A344 /* ClipboardHistoryView.swift in Sources */ = {isa = PBXBuildFile; fileRef = 77410A252C41E95500D9A344 /* ClipboardHistoryView.swift */; };
		77410A2B2C42054000D9A344 /* ClipboardHistoryItem.swift in Sources */ = {isa = PBXBuildFile; fileRef = 77410A2A2C42054000D9A344 /* ClipboardHistoryItem.swift */; };
/* End PBXBuildFile section */

/* Begin PBXContainerItemProxy section */
		77410A092C41E8D400D9A344 /* PBXContainerItemProxy */ = {
			isa = PBXContainerItemProxy;
			containerPortal = 774109EF2C41E8D300D9A344 /* Project object */;
			proxyType = 1;
			remoteGlobalIDString = 774109F62C41E8D300D9A344;
			remoteInfo = clipty;
		};
		77410A132C41E8D400D9A344 /* PBXContainerItemProxy */ = {
			isa = PBXContainerItemProxy;
			containerPortal = 774109EF2C41E8D300D9A344 /* Project object */;
			proxyType = 1;
			remoteGlobalIDString = 774109F62C41E8D300D9A344;
			remoteInfo = clipty;
		};
/* End PBXContainerItemProxy section */

/* Begin PBXFileReference section */
		7709E5882C43D7AA0030EB1F /* ClipboardHandler.swift */ = {isa = PBXFileReference; lastKnownFileType = sourcecode.swift; path = ClipboardHandler.swift; sourceTree = "<group>"; };
		774109F72C41E8D300D9A344 /* clipty.app */ = {isa = PBXFileReference; explicitFileType = wrapper.application; includeInIndex = 0; path = clipty.app; sourceTree = BUILT_PRODUCTS_DIR; };
		774109FA2C41E8D300D9A344 /* cliptyApp.swift */ = {isa = PBXFileReference; lastKnownFileType = sourcecode.swift; path = cliptyApp.swift; sourceTree = "<group>"; };
		774109FE2C41E8D400D9A344 /* Assets.xcassets */ = {isa = PBXFileReference; lastKnownFileType = folder.assetcatalog; path = Assets.xcassets; sourceTree = "<group>"; };
		77410A012C41E8D400D9A344 /* Preview Assets.xcassets */ = {isa = PBXFileReference; lastKnownFileType = folder.assetcatalog; path = "Preview Assets.xcassets"; sourceTree = "<group>"; };
		77410A032C41E8D400D9A344 /* clipty.entitlements */ = {isa = PBXFileReference; lastKnownFileType = text.plist.entitlements; path = clipty.entitlements; sourceTree = "<group>"; };
		77410A082C41E8D400D9A344 /* cliptyTests.xctest */ = {isa = PBXFileReference; explicitFileType = wrapper.cfbundle; includeInIndex = 0; path = cliptyTests.xctest; sourceTree = BUILT_PRODUCTS_DIR; };
		77410A0C2C41E8D400D9A344 /* cliptyTests.swift */ = {isa = PBXFileReference; lastKnownFileType = sourcecode.swift; path = cliptyTests.swift; sourceTree = "<group>"; };
		77410A122C41E8D400D9A344 /* cliptyUITests.xctest */ = {isa = PBXFileReference; explicitFileType = wrapper.cfbundle; includeInIndex = 0; path = cliptyUITests.xctest; sourceTree = BUILT_PRODUCTS_DIR; };
		77410A162C41E8D400D9A344 /* cliptyUITests.swift */ = {isa = PBXFileReference; lastKnownFileType = sourcecode.swift; path = cliptyUITests.swift; sourceTree = "<group>"; };
		77410A182C41E8D400D9A344 /* cliptyUITestsLaunchTests.swift */ = {isa = PBXFileReference; lastKnownFileType = sourcecode.swift; path = cliptyUITestsLaunchTests.swift; sourceTree = "<group>"; };
		77410A252C41E95500D9A344 /* ClipboardHistoryView.swift */ = {isa = PBXFileReference; lastKnownFileType = sourcecode.swift; path = ClipboardHistoryView.swift; sourceTree = "<group>"; };
		77410A2A2C42054000D9A344 /* ClipboardHistoryItem.swift */ = {isa = PBXFileReference; lastKnownFileType = sourcecode.swift; path = ClipboardHistoryItem.swift; sourceTree = "<group>"; };
/* End PBXFileReference section */

/* Begin PBXFrameworksBuildPhase section */
		774109F42C41E8D300D9A344 /* Frameworks */ = {
			isa = PBXFrameworksBuildPhase;
			buildActionMask = 2147483647;
			files = (
			);
			runOnlyForDeploymentPostprocessing = 0;
		};
		77410A052C41E8D400D9A344 /* Frameworks */ = {
			isa = PBXFrameworksBuildPhase;
			buildActionMask = 2147483647;
			files = (
			);
			runOnlyForDeploymentPostprocessing = 0;
		};
		77410A0F2C41E8D400D9A344 /* Frameworks */ = {
			isa = PBXFrameworksBuildPhase;
			buildActionMask = 2147483647;
			files = (
			);
			runOnlyForDeploymentPostprocessing = 0;
		};
/* End PBXFrameworksBuildPhase section */

/* Begin PBXGroup section */
		774109EE2C41E8D300D9A344 = {
			isa = PBXGroup;
			children = (
				774109F92C41E8D300D9A344 /* clipty */,
				77410A0B2C41E8D400D9A344 /* cliptyTests */,
				77410A152C41E8D400D9A344 /* cliptyUITests */,
				774109F82C41E8D300D9A344 /* Products */,
			);
			sourceTree = "<group>";
		};
		774109F82C41E8D300D9A344 /* Products */ = {
			isa = PBXGroup;
			children = (
				774109F72C41E8D300D9A344 /* clipty.app */,
				77410A082C41E8D400D9A344 /* cliptyTests.xctest */,
				77410A122C41E8D400D9A344 /* cliptyUITests.xctest */,
			);
			name = Products;
			sourceTree = "<group>";
		};
		774109F92C41E8D300D9A344 /* clipty */ = {
			isa = PBXGroup;
			children = (
				774109FA2C41E8D300D9A344 /* cliptyApp.swift */,
				7709E5882C43D7AA0030EB1F /* ClipboardHandler.swift */,
				77410A252C41E95500D9A344 /* ClipboardHistoryView.swift */,
				77410A2A2C42054000D9A344 /* ClipboardHistoryItem.swift */,
				774109FE2C41E8D400D9A344 /* Assets.xcassets */,
				77410A032C41E8D400D9A344 /* clipty.entitlements */,
				77410A002C41E8D400D9A344 /* Preview Content */,
			);
			path = clipty;
			sourceTree = "<group>";
		};
		77410A002C41E8D400D9A344 /* Preview Content */ = {
			isa = PBXGroup;
			children = (
				77410A012C41E8D400D9A344 /* Preview Assets.xcassets */,
			);
			path = "Preview Content";
			sourceTree = "<group>";
		};
		77410A0B2C41E8D400D9A344 /* cliptyTests */ = {
			isa = PBXGroup;
			children = (
				77410A0C2C41E8D400D9A344 /* cliptyTests.swift */,
			);
			path = cliptyTests;
			sourceTree = "<group>";
		};
		77410A152C41E8D400D9A344 /* cliptyUITests */ = {
			isa = PBXGroup;
			children = (
				77410A162C41E8D400D9A344 /* cliptyUITests.swift */,
				77410A182C41E8D400D9A344 /* cliptyUITestsLaunchTests.swift */,
			);
			path = cliptyUITests;
			sourceTree = "<group>";
		};
/* End PBXGroup section */

/* Begin PBXNativeTarget section */
		774109F62C41E8D300D9A344 /* clipty */ = {
			isa = PBXNativeTarget;
			buildConfigurationList = 77410A1C2C41E8D400D9A344 /* Build configuration list for PBXNativeTarget "clipty" */;
			buildPhases = (
				774109F32C41E8D300D9A344 /* Sources */,
				774109F42C41E8D300D9A344 /* Frameworks */,
				774109F52C41E8D300D9A344 /* Resources */,
			);
			buildRules = (
			);
			dependencies = (
			);
			name = clipty;
			productName = clipty;
			productReference = 774109F72C41E8D300D9A344 /* clipty.app */;
			productType = "com.apple.product-type.application";
		};
		77410A072C41E8D400D9A344 /* cliptyTests */ = {
			isa = PBXNativeTarget;
			buildConfigurationList = 77410A1F2C41E8D400D9A344 /* Build configuration list for PBXNativeTarget "cliptyTests" */;
			buildPhases = (
				77410A042C41E8D400D9A344 /* Sources */,
				77410A052C41E8D400D9A344 /* Frameworks */,
				77410A062C41E8D400D9A344 /* Resources */,
			);
			buildRules = (
			);
			dependencies = (
				77410A0A2C41E8D400D9A344 /* PBXTargetDependency */,
			);
			name = cliptyTests;
			productName = cliptyTests;
			productReference = 77410A082C41E8D400D9A344 /* cliptyTests.xctest */;
			productType = "com.apple.product-type.bundle.unit-test";
		};
		77410A112C41E8D400D9A344 /* cliptyUITests */ = {
			isa = PBXNativeTarget;
			buildConfigurationList = 77410A222C41E8D400D9A344 /* Build configuration list for PBXNativeTarget "cliptyUITests" */;
			buildPhases = (
				77410A0E2C41E8D400D9A344 /* Sources */,
				77410A0F2C41E8D400D9A344 /* Frameworks */,
				77410A102C41E8D400D9A344 /* Resources */,
			);
			buildRules = (
			);
			dependencies = (
				77410A142C41E8D400D9A344 /* PBXTargetDependency */,
			);
			name = cliptyUITests;
			productName = cliptyUITests;
			productReference = 77410A122C41E8D400D9A344 /* cliptyUITests.xctest */;
			productType = "com.apple.product-type.bundle.ui-testing";
		};
/* End PBXNativeTarget section */

/* Begin PBXProject section */
		774109EF2C41E8D300D9A344 /* Project object */ = {
			isa = PBXProject;
			attributes = {
				BuildIndependentTargetsInParallel = 1;
				LastSwiftUpdateCheck = 1540;
				LastUpgradeCheck = 1540;
				TargetAttributes = {
					774109F62C41E8D300D9A344 = {
						CreatedOnToolsVersion = 15.4;
					};
					77410A072C41E8D400D9A344 = {
						CreatedOnToolsVersion = 15.4;
						TestTargetID = 774109F62C41E8D300D9A344;
					};
					77410A112C41E8D400D9A344 = {
						CreatedOnToolsVersion = 15.4;
						TestTargetID = 774109F62C41E8D300D9A344;
					};
				};
			};
			buildConfigurationList = 774109F22C41E8D300D9A344 /* Build configuration list for PBXProject "clipty" */;
			compatibilityVersion = "Xcode 14.0";
			developmentRegion = en;
			hasScannedForEncodings = 0;
			knownRegions = (
				en,
				Base,
			);
			mainGroup = 774109EE2C41E8D300D9A344;
			productRefGroup = 774109F82C41E8D300D9A344 /* Products */;
			projectDirPath = "";
			projectRoot = "";
			targets = (
				774109F62C41E8D300D9A344 /* clipty */,
				77410A072C41E8D400D9A344 /* cliptyTests */,
				77410A112C41E8D400D9A344 /* cliptyUITests */,
			);
		};
/* End PBXProject section */

/* Begin PBXResourcesBuildPhase section */
		774109F52C41E8D300D9A344 /* Resources */ = {
			isa = PBXResourcesBuildPhase;
			buildActionMask = 2147483647;
			files = (
				77410A022C41E8D400D9A344 /* Preview Assets.xcassets in Resources */,
				774109FF2C41E8D400D9A344 /* Assets.xcassets in Resources */,
			);
			runOnlyForDeploymentPostprocessing = 0;
		};
		77410A062C41E8D400D9A344 /* Resources */ = {
			isa = PBXResourcesBuildPhase;
			buildActionMask = 2147483647;
			files = (
			);
			runOnlyForDeploymentPostprocessing = 0;
		};
		77410A102C41E8D400D9A344 /* Resources */ = {
			isa = PBXResourcesBuildPhase;
			buildActionMask = 2147483647;
			files = (
			);
			runOnlyForDeploymentPostprocessing = 0;
		};
/* End PBXResourcesBuildPhase section */

/* Begin PBXSourcesBuildPhase section */
		774109F32C41E8D300D9A344 /* Sources */ = {
			isa = PBXSourcesBuildPhase;
			buildActionMask = 2147483647;
			files = (
				77410A262C41E95500D9A344 /* ClipboardHistoryView.swift in Sources */,
				774109FB2C41E8D300D9A344 /* cliptyApp.swift in Sources */,
				77410A2B2C42054000D9A344 /* ClipboardHistoryItem.swift in Sources */,
				7709E5892C43D7AA0030EB1F /* ClipboardHandler.swift in Sources */,
			);
			runOnlyForDeploymentPostprocessing = 0;
		};
		77410A042C41E8D400D9A344 /* Sources */ = {
			isa = PBXSourcesBuildPhase;
			buildActionMask = 2147483647;
			files = (
				77410A0D2C41E8D400D9A344 /* cliptyTests.swift in Sources */,
			);
			runOnlyForDeploymentPostprocessing = 0;
		};
		77410A0E2C41E8D400D9A344 /* Sources */ = {
			isa = PBXSourcesBuildPhase;
			buildActionMask = 2147483647;
			files = (
				77410A172C41E8D400D9A344 /* cliptyUITests.swift in Sources */,
				77410A192C41E8D400D9A344 /* cliptyUITestsLaunchTests.swift in Sources */,
			);
			runOnlyForDeploymentPostprocessing = 0;
		};
/* End PBXSourcesBuildPhase section */

/* Begin PBXTargetDependency section */
		77410A0A2C41E8D400D9A344 /* PBXTargetDependency */ = {
			isa = PBXTargetDependency;
			target = 774109F62C41E8D300D9A344 /* clipty */;
			targetProxy = 77410A092C41E8D400D9A344 /* PBXContainerItemProxy */;
		};
		77410A142C41E8D400D9A344 /* PBXTargetDependency */ = {
			isa = PBXTargetDependency;
			target = 774109F62C41E8D300D9A344 /* clipty */;
			targetProxy = 77410A132C41E8D400D9A344 /* PBXContainerItemProxy */;
		};
/* End PBXTargetDependency section */

/* Begin XCBuildConfiguration section */
		77410A1A2C41E8D400D9A344 /* Debug */ = {
			isa = XCBuildConfiguration;
			buildSettings = {
				ALWAYS_SEARCH_USER_PATHS = NO;
				ASSETCATALOG_COMPILER_GENERATE_SWIFT_ASSET_SYMBOL_EXTENSIONS = YES;
				CLANG_ANALYZER_NONNULL = YES;
				CLANG_ANALYZER_NUMBER_OBJECT_CONVERSION = YES_AGGRESSIVE;
				CLANG_CXX_LANGUAGE_STANDARD = "gnu++20";
				CLANG_ENABLE_MODULES = YES;
				CLANG_ENABLE_OBJC_ARC = YES;
				CLANG_ENABLE_OBJC_WEAK = YES;
				CLANG_WARN_BLOCK_CAPTURE_AUTORELEASING = YES;
				CLANG_WARN_BOOL_CONVERSION = YES;
				CLANG_WARN_COMMA = YES;
				CLANG_WARN_CONSTANT_CONVERSION = YES;
				CLANG_WARN_DEPRECATED_OBJC_IMPLEMENTATIONS = YES;
				CLANG_WARN_DIRECT_OBJC_ISA_USAGE = YES_ERROR;
				CLANG_WARN_DOCUMENTATION_COMMENTS = YES;
				CLANG_WARN_EMPTY_BODY = YES;
				CLANG_WARN_ENUM_CONVERSION = YES;
				CLANG_WARN_INFINITE_RECURSION = YES;
				CLANG_WARN_INT_CONVERSION = YES;
				CLANG_WARN_NON_LITERAL_NULL_CONVERSION = YES;
				CLANG_WARN_OBJC_IMPLICIT_RETAIN_SELF = YES;
				CLANG_WARN_OBJC_LITERAL_CONVERSION = YES;
				CLANG_WARN_OBJC_ROOT_CLASS = YES_ERROR;
				CLANG_WARN_QUOTED_INCLUDE_IN_FRAMEWORK_HEADER = YES;
				CLANG_WARN_RANGE_LOOP_ANALYSIS = YES;
				CLANG_WARN_STRICT_PROTOTYPES = YES;
				CLANG_WARN_SUSPICIOUS_MOVE = YES;
				CLANG_WARN_UNGUARDED_AVAILABILITY = YES_AGGRESSIVE;
				CLANG_WARN_UNREACHABLE_CODE = YES;
				CLANG_WARN__DUPLICATE_METHOD_MATCH = YES;
				COPY_PHASE_STRIP = NO;
				DEBUG_INFORMATION_FORMAT = dwarf;
				ENABLE_STRICT_OBJC_MSGSEND = YES;
				ENABLE_TESTABILITY = YES;
				ENABLE_USER_SCRIPT_SANDBOXING = YES;
				GCC_C_LANGUAGE_STANDARD = gnu17;
				GCC_DYNAMIC_NO_PIC = NO;
				GCC_NO_COMMON_BLOCKS = YES;
				GCC_OPTIMIZATION_LEVEL = 0;
				GCC_PREPROCESSOR_DEFINITIONS = (
					"DEBUG=1",
					"$(inherited)",
				);
				GCC_WARN_64_TO_32_BIT_CONVERSION = YES;
				GCC_WARN_ABOUT_RETURN_TYPE = YES_ERROR;
				GCC_WARN_UNDECLARED_SELECTOR = YES;
				GCC_WARN_UNINITIALIZED_AUTOS = YES_AGGRESSIVE;
				GCC_WARN_UNUSED_FUNCTION = YES;
				GCC_WARN_UNUSED_VARIABLE = YES;
				LOCALIZATION_PREFERS_STRING_CATALOGS = YES;
				MACOSX_DEPLOYMENT_TARGET = 14.5;
				MTL_ENABLE_DEBUG_INFO = INCLUDE_SOURCE;
				MTL_FAST_MATH = YES;
				ONLY_ACTIVE_ARCH = YES;
				SDKROOT = macosx;
				SWIFT_ACTIVE_COMPILATION_CONDITIONS = "DEBUG $(inherited)";
				SWIFT_OPTIMIZATION_LEVEL = "-Onone";
			};
			name = Debug;
		};
		77410A1B2C41E8D400D9A344 /* Release */ = {
			isa = XCBuildConfiguration;
			buildSettings = {
				ALWAYS_SEARCH_USER_PATHS = NO;
				ASSETCATALOG_COMPILER_GENERATE_SWIFT_ASSET_SYMBOL_EXTENSIONS = YES;
				CLANG_ANALYZER_NONNULL = YES;
				CLANG_ANALYZER_NUMBER_OBJECT_CONVERSION = YES_AGGRESSIVE;
				CLANG_CXX_LANGUAGE_STANDARD = "gnu++20";
				CLANG_ENABLE_MODULES = YES;
				CLANG_ENABLE_OBJC_ARC = YES;
				CLANG_ENABLE_OBJC_WEAK = YES;
				CLANG_WARN_BLOCK_CAPTURE_AUTORELEASING = YES;
				CLANG_WARN_BOOL_CONVERSION = YES;
				CLANG_WARN_COMMA = YES;
				CLANG_WARN_CONSTANT_CONVERSION = YES;
				CLANG_WARN_DEPRECATED_OBJC_IMPLEMENTATIONS = YES;
				CLANG_WARN_DIRECT_OBJC_ISA_USAGE = YES_ERROR;
				CLANG_WARN_DOCUMENTATION_COMMENTS = YES;
				CLANG_WARN_EMPTY_BODY = YES;
				CLANG_WARN_ENUM_CONVERSION = YES;
				CLANG_WARN_INFINITE_RECURSION = YES;
				CLANG_WARN_INT_CONVERSION = YES;
				CLANG_WARN_NON_LITERAL_NULL_CONVERSION = YES;
				CLANG_WARN_OBJC_IMPLICIT_RETAIN_SELF = YES;
				CLANG_WARN_OBJC_LITERAL_CONVERSION = YES;
				CLANG_WARN_OBJC_ROOT_CLASS = YES_ERROR;
				CLANG_WARN_QUOTED_INCLUDE_IN_FRAMEWORK_HEADER = YES;
				CLANG_WARN_RANGE_LOOP_ANALYSIS = YES;
				CLANG_WARN_STRICT_PROTOTYPES = YES;
				CLANG_WARN_SUSPICIOUS_MOVE = YES;
				CLANG_WARN_UNGUARDED_AVAILABILITY = YES_AGGRESSIVE;
				CLANG_WARN_UNREACHABLE_CODE = YES;
				CLANG_WARN__DUPLICATE_METHOD_MATCH = YES;
				COPY_PHASE_STRIP = NO;
				DEBUG_INFORMATION_FORMAT = "dwarf-with-dsym";
				ENABLE_NS_ASSERTIONS = NO;
				ENABLE_STRICT_OBJC_MSGSEND = YES;
				ENABLE_USER_SCRIPT_SANDBOXING = YES;
				GCC_C_LANGUAGE_STANDARD = gnu17;
				GCC_NO_COMMON_BLOCKS = YES;
				GCC_WARN_64_TO_32_BIT_CONVERSION = YES;
				GCC_WARN_ABOUT_RETURN_TYPE = YES_ERROR;
				GCC_WARN_UNDECLARED_SELECTOR = YES;
				GCC_WARN_UNINITIALIZED_AUTOS = YES_AGGRESSIVE;
				GCC_WARN_UNUSED_FUNCTION = YES;
				GCC_WARN_UNUSED_VARIABLE = YES;
				LOCALIZATION_PREFERS_STRING_CATALOGS = YES;
				MACOSX_DEPLOYMENT_TARGET = 14.5;
				MTL_ENABLE_DEBUG_INFO = NO;
				MTL_FAST_MATH = YES;
				SDKROOT = macosx;
				SWIFT_COMPILATION_MODE = wholemodule;
			};
			name = Release;
		};
		77410A1D2C41E8D400D9A344 /* Debug */ = {
			isa = XCBuildConfiguration;
			buildSettings = {
				ASSETCATALOG_COMPILER_APPICON_NAME = AppIcon;
				ASSETCATALOG_COMPILER_GLOBAL_ACCENT_COLOR_NAME = AccentColor;
				CODE_SIGN_ENTITLEMENTS = clipty/clipty.entitlements;
				CODE_SIGN_STYLE = Automatic;
				COMBINE_HIDPI_IMAGES = YES;
				CURRENT_PROJECT_VERSION = 1;
				DEVELOPMENT_ASSET_PATHS = "\"clipty/Preview Content\"";
				DEVELOPMENT_TEAM = G6NQL97HUJ;
				ENABLE_HARDENED_RUNTIME = YES;
				ENABLE_PREVIEWS = YES;
				GENERATE_INFOPLIST_FILE = YES;
				INFOPLIST_KEY_CFBundleDisplayName = clipty;
				INFOPLIST_KEY_LSApplicationCategoryType = "public.app-category.utilities";
				INFOPLIST_KEY_NSHumanReadableCopyright = "";
				LD_RUNPATH_SEARCH_PATHS = (
					"$(inherited)",
					"@executable_path/../Frameworks",
				);
				MARKETING_VERSION = 0.0.1;
				PRODUCT_BUNDLE_IDENTIFIER = com.arongeo.clipty;
				PRODUCT_NAME = "$(TARGET_NAME)";
				SWIFT_EMIT_LOC_STRINGS = YES;
				SWIFT_VERSION = 5.0;
			};
			name = Debug;
		};
		77410A1E2C41E8D400D9A344 /* Release */ = {
			isa = XCBuildConfiguration;
			buildSettings = {
				ASSETCATALOG_COMPILER_APPICON_NAME = AppIcon;
				ASSETCATALOG_COMPILER_GLOBAL_ACCENT_COLOR_NAME = AccentColor;
				CODE_SIGN_ENTITLEMENTS = clipty/clipty.entitlements;
				CODE_SIGN_STYLE = Automatic;
				COMBINE_HIDPI_IMAGES = YES;
				CURRENT_PROJECT_VERSION = 1;
				DEVELOPMENT_ASSET_PATHS = "\"clipty/Preview Content\"";
				DEVELOPMENT_TEAM = G6NQL97HUJ;
				ENABLE_HARDENED_RUNTIME = YES;
				ENABLE_PREVIEWS = YES;
				GENERATE_INFOPLIST_FILE = YES;
				INFOPLIST_KEY_CFBundleDisplayName = clipty;
				INFOPLIST_KEY_LSApplicationCategoryType = "public.app-category.utilities";
				INFOPLIST_KEY_NSHumanReadableCopyright = "";
				LD_RUNPATH_SEARCH_PATHS = (
					"$(inherited)",
					"@executable_path/../Frameworks",
				);
				MARKETING_VERSION = 0.0.1;
				PRODUCT_BUNDLE_IDENTIFIER = com.arongeo.clipty;
				PRODUCT_NAME = "$(TARGET_NAME)";
				SWIFT_EMIT_LOC_STRINGS = YES;
				SWIFT_VERSION = 5.0;
			};
			name = Release;
		};
		77410A202C41E8D400D9A344 /* Debug */ = {
			isa = XCBuildConfiguration;
			buildSettings = {
				ALWAYS_EMBED_SWIFT_STANDARD_LIBRARIES = YES;
				BUNDLE_LOADER = "$(TEST_HOST)";
				CODE_SIGN_STYLE = Automatic;
				CURRENT_PROJECT_VERSION = 1;
				DEVELOPMENT_TEAM = G6NQL97HUJ;
				GENERATE_INFOPLIST_FILE = YES;
				MACOSX_DEPLOYMENT_TARGET = 14.5;
				MARKETING_VERSION = 1.0;
				PRODUCT_BUNDLE_IDENTIFIER = com.arongeo.cliptyTests;
				PRODUCT_NAME = "$(TARGET_NAME)";
				SWIFT_EMIT_LOC_STRINGS = NO;
				SWIFT_VERSION = 5.0;
				TEST_HOST = "$(BUILT_PRODUCTS_DIR)/clipty.app/$(BUNDLE_EXECUTABLE_FOLDER_PATH)/clipty";
			};
			name = Debug;
		};
		77410A212C41E8D400D9A344 /* Release */ = {
			isa = XCBuildConfiguration;
			buildSettings = {
				ALWAYS_EMBED_SWIFT_STANDARD_LIBRARIES = YES;
				BUNDLE_LOADER = "$(TEST_HOST)";
				CODE_SIGN_STYLE = Automatic;
				CURRENT_PROJECT_VERSION = 1;
				DEVELOPMENT_TEAM = G6NQL97HUJ;
				GENERATE_INFOPLIST_FILE = YES;
				MACOSX_DEPLOYMENT_TARGET = 14.5;
				MARKETING_VERSION = 1.0;
				PRODUCT_BUNDLE_IDENTIFIER = com.arongeo.cliptyTests;
				PRODUCT_NAME = "$(TARGET_NAME)";
				SWIFT_EMIT_LOC_STRINGS = NO;
				SWIFT_VERSION = 5.0;
				TEST_HOST = "$(BUILT_PRODUCTS_DIR)/clipty.app/$(BUNDLE_EXECUTABLE_FOLDER_PATH)/clipty";
			};
			name = Release;
		};
		77410A232C41E8D400D9A344 /* Debug */ = {
			isa = XCBuildConfiguration;
			buildSettings = {
				ALWAYS_EMBED_SWIFT_STANDARD_LIBRARIES = YES;
				CODE_SIGN_STYLE = Automatic;
				CURRENT_PROJECT_VERSION = 1;
				DEVELOPMENT_TEAM = G6NQL97HUJ;
				GENERATE_INFOPLIST_FILE = YES;
				MARKETING_VERSION = 1.0;
				PRODUCT_BUNDLE_IDENTIFIER = com.arongeo.cliptyUITests;
				PRODUCT_NAME = "$(TARGET_NAME)";
				SWIFT_EMIT_LOC_STRINGS = NO;
				SWIFT_VERSION = 5.0;
				TEST_TARGET_NAME = clipty;
			};
			name = Debug;
		};
		77410A242C41E8D400D9A344 /* Release */ = {
			isa = XCBuildConfiguration;
			buildSettings = {
				ALWAYS_EMBED_SWIFT_STANDARD_LIBRARIES = YES;
				CODE_SIGN_STYLE = Automatic;
				CURRENT_PROJECT_VERSION = 1;
				DEVELOPMENT_TEAM = G6NQL97HUJ;
				GENERATE_INFOPLIST_FILE = YES;
				MARKETING_VERSION = 1.0;
				PRODUCT_BUNDLE_IDENTIFIER = com.arongeo.cliptyUITests;
				PRODUCT_NAME = "$(TARGET_NAME)";
				SWIFT_EMIT_LOC_STRINGS = NO;
				SWIFT_VERSION = 5.0;
				TEST_TARGET_NAME = clipty;
			};
			name = Release;
		};
/* End XCBuildConfiguration section */

/* Begin XCConfigurationList section */
		774109F22C41E8D300D9A344 /* Build configuration list for PBXProject "clipty" */ = {
			isa = XCConfigurationList;
			buildConfigurations = (
				77410A1A2C41E8D400D9A344 /* Debug */,
				77410A1B2C41E8D400D9A344 /* Release */,
			);
			defaultConfigurationIsVisible = 0;
			defaultConfigurationName = Release;
		};
		77410A1C2C41E8D400D9A344 /* Build configuration list for PBXNativeTarget "clipty" */ = {
			isa = XCConfigurationList;
			buildConfigurations = (
				77410A1D2C41E8D400D9A344 /* Debug */,
				77410A1E2C41E8D400D9A344 /* Release */,
			);
			defaultConfigurationIsVisible = 0;
			defaultConfigurationName = Release;
		};
		77410A1F2C41E8D400D9A344 /* Build configuration list for PBXNativeTarget "cliptyTests" */ = {
			isa = XCConfigurationList;
			buildConfigurations = (
				77410A202C41E8D400D9A344 /* Debug */,
				77410A212C41E8D400D9A344 /* Release */,
			);
			defaultConfigurationIsVisible = 0;
			defaultConfigurationName = Release;
		};
		77410A222C41E8D400D9A344 /* Build configuration list for PBXNativeTarget "cliptyUITests" */ = {
			isa = XCConfigurationList;
			buildConfigurations = (
				77410A232C41E8D400D9A344 /* Debug */,
				77410A242C41E8D400D9A344 /* Release */,
			);
			defaultConfigurationIsVisible = 0;
			defaultConfigurationName = Release;
		};
/* End XCConfigurationList section */
	};
	rootObject = 774109EF2C41E8D300D9A344 /* Project object */;
}
